
Microsoft Visual Studio Solution File, Format Version 12.00
# Visual Studio Version 17
VisualStudioVersion = 17.1.32210.238
MinimumVisualStudioVersion = 10.0.40219.1
Project("{FAE04EC0-301F-11D3-BF4B-00C04F79EFBC}") = "displayhelloworld", "displayhelloworld\displayhelloworld.csproj", "{445EFF67-9769-486E-8B6D-99180F3CEED9}"
EndProject
Global
	GlobalSection(SolutionConfigurationPlatforms) = preSolution
		Debug|Any CPU = Debug|Any CPU
		Release|Any CPU = Release|Any CPU
	EndGlobalSection
	GlobalSection(ProjectConfigurationPlatforms) = postSolution
		{445EFF67-9769-486E-8B6D-99180F3CEED9}.Debug|Any CPU.ActiveCfg = Debug|Any CPU
		{445EFF67-9769-486E-8B6D-99180F3CEED9}.Debug|Any CPU.Build.0 = Debug|Any CPU
		{445EFF67-9769-486E-8B6D-99180F3CEED9}.Release|Any CPU.ActiveCfg = Release|Any CPU
		{445EFF67-9769-486E-8B6D-99180F3CEED9}.Release|Any CPU.Build.0 = Release|Any CPU
	EndGlobalSection
	GlobalSection(SolutionProperties) = preSolution
		HideSolutionNode = FALSE
	EndGlobalSection
	GlobalSection(ExtensibilityGlobals) = postSolution
		SolutionGuid = {28DDC981-7F87-4928-85D8-A57DF4B21B12}
	EndGlobalSection
EndGlobal
